
Microsoft Visual Studio Solution File, Format Version 12.00
# Visual Studio Version 17
VisualStudioVersion = 17.0.31903.59
MinimumVisualStudioVersion = 10.0.40219.1
Project("{FAE04EC0-301F-11D3-BF4B-00C04F79EFBC}") = "IP-Address-Utilities", "IP-Address-Utilities\IP-Address-Utilities.csproj", "{4D4B31A4-10A8-470C-8830-DC874092165A}"
EndProject
Project("{FAE04EC0-301F-11D3-BF4B-00C04F79EFBC}") = "IP-Address-Utilities.Tests", "IP-Address-Utilities.Tests\IP-Address-Utilities.Tests.csproj", "{5D78F5E8-A6B2-4DF8-A21D-92009C702444}"
EndProject
Global
	GlobalSection(SolutionConfigurationPlatforms) = preSolution
		Debug|Any CPU = Debug|Any CPU
		Release|Any CPU = Release|Any CPU
	EndGlobalSection
	GlobalSection(SolutionProperties) = preSolution
		HideSolutionNode = FALSE
	EndGlobalSection
	GlobalSection(ProjectConfigurationPlatforms) = postSolution
		{4D4B31A4-10A8-470C-8830-DC874092165A}.Debug|Any CPU.ActiveCfg = Debug|Any CPU
		{4D4B31A4-10A8-470C-8830-DC874092165A}.Debug|Any CPU.Build.0 = Debug|Any CPU
		{4D4B31A4-10A8-470C-8830-DC874092165A}.Release|Any CPU.ActiveCfg = Release|Any CPU
		{4D4B31A4-10A8-470C-8830-DC874092165A}.Release|Any CPU.Build.0 = Release|Any CPU
		{72B6B8B6-9B62-4923-B54E-5A4283D01221}.Debug|Any CPU.ActiveCfg = Debug|Any CPU
		{72B6B8B6-9B62-4923-B54E-5A4283D01221}.Debug|Any CPU.Build.0 = Debug|Any CPU
		{72B6B8B6-9B62-4923-B54E-5A4283D01221}.Release|Any CPU.ActiveCfg = Release|Any CPU
		{72B6B8B6-9B62-4923-B54E-5A4283D01221}.Release|Any CPU.Build.0 = Release|Any CPU
		{5D78F5E8-A6B2-4DF8-A21D-92009C702444}.Debug|Any CPU.ActiveCfg = Debug|Any CPU
		{5D78F5E8-A6B2-4DF8-A21D-92009C702444}.Debug|Any CPU.Build.0 = Debug|Any CPU
		{5D78F5E8-A6B2-4DF8-A21D-92009C702444}.Release|Any CPU.ActiveCfg = Release|Any CPU
		{5D78F5E8-A6B2-4DF8-A21D-92009C702444}.Release|Any CPU.Build.0 = Release|Any CPU
	EndGlobalSection
EndGlobal
